
Microsoft Visual Studio Solution File, Format Version 12.00
# Visual Studio Version 17
VisualStudioVersion = 17.5.002.0
MinimumVisualStudioVersion = 10.0.40219.1
Project("{9A19103F-16F7-4668-BE54-9A1E7A4F7556}") = "api", "api\api.csproj", "{D76DEF8A-5D6A-49CB-9820-6123CC481C79}"
EndProject
Global
	GlobalSection(SolutionConfigurationPlatforms) = preSolution
		Debug|Any CPU = Debug|Any CPU
		Release|Any CPU = Release|Any CPU
	EndGlobalSection
	GlobalSection(ProjectConfigurationPlatforms) = postSolution
		{D76DEF8A-5D6A-49CB-9820-6123CC481C79}.Debug|Any CPU.ActiveCfg = Debug|Any CPU
		{D76DEF8A-5D6A-49CB-9820-6123CC481C79}.Debug|Any CPU.Build.0 = Debug|Any CPU
		{D76DEF8A-5D6A-49CB-9820-6123CC481C79}.Release|Any CPU.ActiveCfg = Release|Any CPU
		{D76DEF8A-5D6A-49CB-9820-6123CC481C79}.Release|Any CPU.Build.0 = Release|Any CPU
	EndGlobalSection
	GlobalSection(SolutionProperties) = preSolution
		HideSolutionNode = FALSE
	EndGlobalSection
	GlobalSection(ExtensibilityGlobals) = postSolution
		SolutionGuid = {F99D5C18-5FB5-4667-96D0-F5B984AB3C93}
	EndGlobalSection
EndGlobal
